PODS:
  - MovikaSDK (2.1.2):
    - RxCocoa (~> 5.0.0)
    - RxSwift (~> 5.0.0)
    - SDWebImage
    - SnapKit
  - RxCocoa (5.0.1):
    - RxRelay (~> 5)
    - RxSwift (~> 5)
  - RxRelay (5.1.1):
    - RxSwift (~> 5)
  - RxSwift (5.0.1)
  - SDWebImage (5.11.0):
    - SDWebImage/Core (= 5.11.0)
  - SDWebImage/Core (5.11.0)
  - SnapKit (5.0.1)

DEPENDENCIES:
  - MovikaSDK (from `https://bitbucket.org/interactiveplatform/ios.sdk.movika.com.git`)

SPEC REPOS:
  trunk:
    - RxCocoa
    - RxRelay
    - RxSwift
    - SDWebImage
    - SnapKit

EXTERNAL SOURCES:
  MovikaSDK:
    :git: https://bitbucket.org/interactiveplatform/ios.sdk.movika.com.git

CHECKOUT OPTIONS:
  MovikaSDK:
    :commit: 38d1e1f2cd3fc650f30db4920e00615478c14e2f
    :git: https://bitbucket.org/interactiveplatform/ios.sdk.movika.com.git

SPEC CHECKSUMS:
  MovikaSDK: 9e5e6d049e9f8e8af71b79cdf7b904f63c02f70b
  RxCocoa: e741b9749968e8a143e2b787f1dfbff2b63d0a5c
  RxRelay: d77f7d771495f43c556cbc43eebd1bb54d01e8e9
  RxSwift: e2dc62b366a3adf6a0be44ba9f405efd4c94e0c4
  SDWebImage: 7acbb57630ac7db4a495547fb73916ff3e432f6b
  SnapKit: 97b92857e3df3a0c71833cce143274bf6ef8e5eb

PODFILE CHECKSUM: b4006e144e897b98f68b70a8fea21b16bdc37166

COCOAPODS: 1.10.1
